
Microsoft Visual Studio Solution File, Format Version 12.00
Project("{FAE04EC0-301F-11D3-BF4B-00C04F79EFBC}") = "Math3DUnitTest", "Math3DUnitTest.csproj", "{B00178AF-6C26-4242-95FF-F53E06532DF1}"
EndProject
Global
	GlobalSection(SolutionConfigurationPlatforms) = preSolution
		Debug|Any CPU = Debug|Any CPU
		Release|Any CPU = Release|Any CPU
	EndGlobalSection
	GlobalSection(ProjectConfigurationPlatforms) = postSolution
		{B00178AF-6C26-4242-95FF-F53E06532DF1}.Debug|Any CPU.ActiveCfg = Debug|Any CPU
		{B00178AF-6C26-4242-95FF-F53E06532DF1}.Debug|Any CPU.Build.0 = Debug|Any CPU
		{B00178AF-6C26-4242-95FF-F53E06532DF1}.Release|Any CPU.ActiveCfg = Release|Any CPU
		{B00178AF-6C26-4242-95FF-F53E06532DF1}.Release|Any CPU.Build.0 = Release|Any CPU
	EndGlobalSection
EndGlobal
